<?xml version="1.0" encoding="utf-8"?>
<Project ToolsVersion="4.0" xmlns="http://schemas.microsoft.com/developer/msbuild/2003">
  <ItemGroup>
    <ClCompile Include="src\ofApp.cpp">
      <Filter>src</Filter>
    </ClCompile>
    <ClCompile Include="src\main.cpp">
      <Filter>src</Filter>
    </ClCompile>
    <ClCompile Include="src\Entity\Boid.cpp" />
    <ClCompile Include="src\Entity\Breadcrumb.cpp" />
    <ClCompile Include="src\Entity\Flock.cpp" />
    <ClCompile Include="src\Entity\Kinematic.cpp" />
    <ClCompile Include="src\Pathfinding\DirectedWeightedGraph.cpp" />
    <ClCompile Include="src\Pathfinding\DivisionScheme.cpp" />
    <ClCompile Include="src\Pathfinding\Heuristic.cpp" />
    <ClCompile Include="src\Pathfinding\Obstacle.cpp" />
    <ClCompile Include="src\Pathfinding\Pathfinding.cpp" />
    <ClCompile Include="src\Pathfinding\TiledDivisionScheme.cpp" />
    <ClCompile Include="src\DecisionMaking\ActionNode.cpp" />
    <ClCompile Include="src\DecisionMaking\DecisionNode.cpp" />
    <ClCompile Include="src\DecisionMaking\DecisionMakingBehavior.cpp" />
    <ClCompile Include="src\Actions\Action.cpp" />
    <ClCompile Include="src\Actions\ActionManager.cpp" />
    <ClCompile Include="src\DecisionMaking\Nodes\FollowWanderDecisionNode.cpp" />
    <ClCompile Include="src\Actions\FollowAction.cpp" />
    <ClCompile Include="src\Actions\WanderAction.cpp" />
    <ClCompile Include="src\Movement\basic-motion.cpp" />
    <ClCompile Include="src\Movement\Behavior.cpp" />
    <ClCompile Include="src\Movement\DynamicAlign.cpp" />
    <ClCompile Include="src\Movement\DynamicFace.cpp" />
    <ClCompile Include="src\Movement\DynamicLookWhereYouAreGoing.cpp" />
    <ClCompile Include="src\Movement\DynamicPathFollow.cpp" />
    <ClCompile Include="src\Movement\DynamicSeparation.cpp" />
    <ClCompile Include="src\Movement\seek-steering.cpp" />
    <ClCompile Include="src\Movement\wander-steering.cpp" />
    <ClCompile Include="src\BehaviorTree\Tick.cpp" />
    <ClCompile Include="src\BehaviorTree\BlackBoard.cpp" />
    <ClCompile Include="src\BehaviorTree\BehaviorTree.cpp" />
    <ClCompile Include="src\BehaviorTree\Tasks\ActionTask.cpp" />
    <ClCompile Include="src\BehaviorTree\Tasks\Inverter.cpp" />
    <ClCompile Include="src\BehaviorTree\Tasks\Selector.cpp" />
    <ClCompile Include="src\BehaviorTree\Tasks\Sequencer.cpp" />
    <ClCompile Include="src\BehaviorTree\Tasks\Task.cpp" />
    <ClCompile Include="src\BehaviorTree\Tasks\CanSmellCharacterTask.cpp" />
    <ClCompile Include="src\BehaviorTree\Tasks\CanEatCharacerTask.cpp" />
  </ItemGroup>
  <ItemGroup>
    <Filter Include="src">
      <UniqueIdentifier>{d8376475-7454-4a24-b08a-aac121d3ad6f}</UniqueIdentifier>
    </Filter>
  </ItemGroup>
  <ItemGroup>
    <ClInclude Include="src\ofApp.h">
      <Filter>src</Filter>
    </ClInclude>
    <ClInclude Include="src\Entity\Boid.h" />
    <ClInclude Include="src\Entity\Breadcrumb.h" />
    <ClInclude Include="src\Entity\Flock.h" />
    <ClInclude Include="src\Entity\Kinematic.h" />
    <ClInclude Include="src\Pathfinding\TiledDivisionScheme.h" />
    <ClInclude Include="src\Pathfinding\DirectedWeightedGraph.h" />
    <ClInclude Include="src\Pathfinding\DivisionScheme.h" />
    <ClInclude Include="src\Pathfinding\Heuristic.h" />
    <ClInclude Include="src\Pathfinding\Obstacle.h" />
    <ClInclude Include="src\Pathfinding\Pathfinding.h" />
    <ClInclude Include="src\DecisionMaking\DecisionTreeNode.h" />
    <ClInclude Include="src\DecisionMaking\ActionNode.h" />
    <ClInclude Include="src\DecisionMaking\DecisionNode.h" />
    <ClInclude Include="src\DecisionMaking\DecisionMakingBehavior.h" />
    <ClInclude Include="src\Actions\Action.h" />
    <ClInclude Include="src\Actions\ActionManager.h" />
    <ClInclude Include="src\Actions\PriorityQueue.h" />
    <ClInclude Include="src\DecisionMaking\Nodes\FollowWanderDecisionNode.h" />
    <ClInclude Include="src\Actions\FollowAction.h" />
    <ClInclude Include="src\Actions\WanderAction.h" />
    <ClInclude Include="src\Movement\basic-motion.h" />
    <ClInclude Include="src\Movement\Behavior.h" />
    <ClInclude Include="src\Movement\DynamicAlign.h" />
    <ClInclude Include="src\Movement\DynamicFace.h" />
    <ClInclude Include="src\Movement\DynamicLookWhereYouAreGoing.h" />
    <ClInclude Include="src\Movement\DynamicPathFollow.h" />
    <ClInclude Include="src\Movement\DynamicSeparation.h" />
    <ClInclude Include="src\Movement\seek-steering.h" />
    <ClInclude Include="src\Movement\wander-steering.h" />
    <ClInclude Include="src\BehaviorTree\Tick.h" />
    <ClInclude Include="src\BehaviorTree\BlackBoard.h" />
    <ClInclude Include="src\BehaviorTree\BehaviorTree.h" />
    <ClInclude Include="src\BehaviorTree\BlackBoardValue.h" />
    <ClInclude Include="src\BehaviorTree\Tasks\ActionTask.h" />
    <ClInclude Include="src\BehaviorTree\Tasks\Inverter.h" />
    <ClInclude Include="src\BehaviorTree\Tasks\Selector.h" />
    <ClInclude Include="src\BehaviorTree\Tasks\Sequencer.h" />
    <ClInclude Include="src\BehaviorTree\Tasks\Task.h" />
    <ClInclude Include="src\BehaviorTree\Tasks\CanSmellCharacterTask.h" />
    <ClInclude Include="src\BehaviorTree\Tasks\CanEatCharacerTask.h" />
  </ItemGroup>
  <ItemGroup>
    <ResourceCompile Include="icon.rc" />
  </ItemGroup>
</Project>